
Microsoft Visual Studio Solution File, Format Version 12.00
# Visual Studio Version 18
VisualStudioVersion = 18.7.11911.148
MinimumVisualStudioVersion = 10.0.40219.1
Project("{FAE04EC0-301F-11D3-BF4B-00C04F79EFBC}") = "CampaignService.WebApi", "CampaignService.WebApi\CampaignService.WebApi.csproj", "{D85748B3-E326-484C-A4D5-1DA4177B5B4F}"
EndProject
Project("{FAE04EC0-301F-11D3-BF4B-00C04F79EFBC}") = "CampaignService.Domain", "CampaignService.Domain\CampaignService.Domain.csproj", "{96438E8E-0F69-4808-9A59-E7FDE8352741}"
EndProject
Project("{FAE04EC0-301F-11D3-BF4B-00C04F79EFBC}") = "CampaignService.Application", "CampaignService.Application\CampaignService.Application.csproj", "{DD864FE5-CF0B-4C46-892F-B9254CB0A722}"
EndProject
Project("{FAE04EC0-301F-11D3-BF4B-00C04F79EFBC}") = "CampaignService.Infra", "CampaignService.Infra\CampaignService.Infra.csproj", "{B28992F7-707E-06AF-AD86-D69623FD5718}"
EndProject
Global
	GlobalSection(SolutionConfigurationPlatforms) = preSolution
		Debug|Any CPU = Debug|Any CPU
		Release|Any CPU = Release|Any CPU
	EndGlobalSection
	GlobalSection(ProjectConfigurationPlatforms) = postSolution
		{D85748B3-E326-484C-A4D5-1DA4177B5B4F}.Debug|Any CPU.ActiveCfg = Debug|Any CPU
		{D85748B3-E326-484C-A4D5-1DA4177B5B4F}.Debug|Any CPU.Build.0 = Debug|Any CPU
		{D85748B3-E326-484C-A4D5-1DA4177B5B4F}.Release|Any CPU.ActiveCfg = Release|Any CPU
		{D85748B3-E326-484C-A4D5-1DA4177B5B4F}.Release|Any CPU.Build.0 = Release|Any CPU
		{96438E8E-0F69-4808-9A59-E7FDE8352741}.Debug|Any CPU.ActiveCfg = Debug|Any CPU
		{96438E8E-0F69-4808-9A59-E7FDE8352741}.Debug|Any CPU.Build.0 = Debug|Any CPU
		{96438E8E-0F69-4808-9A59-E7FDE8352741}.Release|Any CPU.ActiveCfg = Release|Any CPU
		{96438E8E-0F69-4808-9A59-E7FDE8352741}.Release|Any CPU.Build.0 = Release|Any CPU
		{DD864FE5-CF0B-4C46-892F-B9254CB0A722}.Debug|Any CPU.ActiveCfg = Debug|Any CPU
		{DD864FE5-CF0B-4C46-892F-B9254CB0A722}.Debug|Any CPU.Build.0 = Debug|Any CPU
		{DD864FE5-CF0B-4C46-892F-B9254CB0A722}.Release|Any CPU.ActiveCfg = Release|Any CPU
		{DD864FE5-CF0B-4C46-892F-B9254CB0A722}.Release|Any CPU.Build.0 = Release|Any CPU
		{B28992F7-707E-06AF-AD86-D69623FD5718}.Debug|Any CPU.ActiveCfg = Debug|Any CPU
		{B28992F7-707E-06AF-AD86-D69623FD5718}.Debug|Any CPU.Build.0 = Debug|Any CPU
		{B28992F7-707E-06AF-AD86-D69623FD5718}.Release|Any CPU.ActiveCfg = Release|Any CPU
		{B28992F7-707E-06AF-AD86-D69623FD5718}.Release|Any CPU.Build.0 = Release|Any CPU
	EndGlobalSection
	GlobalSection(SolutionProperties) = preSolution
		HideSolutionNode = FALSE
	EndGlobalSection
	GlobalSection(ExtensibilityGlobals) = postSolution
		SolutionGuid = {6FF1EB7E-A0F0-436A-A355-C53380C10475}
	EndGlobalSection
EndGlobal
