
Microsoft Visual Studio Solution File, Format Version 12.00
# Visual Studio Version 18
VisualStudioVersion = 18.7.11911.148
MinimumVisualStudioVersion = 10.0.40219.1
Project("{FAE04EC0-301F-11D3-BF4B-00C04F79EFBC}") = "DonationService.WebApi", "DonationService.WebApi\DonationService.WebApi.csproj", "{840A8058-40E3-43CD-A89B-EED4106713F3}"
EndProject
Project("{FAE04EC0-301F-11D3-BF4B-00C04F79EFBC}") = "DonationService.Domain", "DonationService.Domain\DonationService.Domain.csproj", "{EE572728-64A9-4234-A726-3EEFC2E65D7F}"
EndProject
Project("{FAE04EC0-301F-11D3-BF4B-00C04F79EFBC}") = "DonationService.Application", "DonationService.Application\DonationService.Application.csproj", "{DEFA5408-C776-43C9-AA55-F9E7180A7832}"
EndProject
Project("{FAE04EC0-301F-11D3-BF4B-00C04F79EFBC}") = "DonationService.Infra", "DonationService.Infra\DonationService.Infra.csproj", "{90B83B07-E704-4128-86E3-7F2203E57CC9}"
EndProject
Project("{FAE04EC0-301F-11D3-BF4B-00C04F79EFBC}") = "EsperancaSolidaria.Contracts", "..\Shared\EsperancaSolidaria.Contracts\EsperancaSolidaria.Contracts.csproj", "{BDAECE7E-D450-44D8-84CB-B761EFB8D83D}"
EndProject
Global
	GlobalSection(SolutionConfigurationPlatforms) = preSolution
		Debug|Any CPU = Debug|Any CPU
		Debug|x64 = Debug|x64
		Debug|x86 = Debug|x86
		Release|Any CPU = Release|Any CPU
		Release|x64 = Release|x64
		Release|x86 = Release|x86
	EndGlobalSection
	GlobalSection(ProjectConfigurationPlatforms) = postSolution
		{840A8058-40E3-43CD-A89B-EED4106713F3}.Debug|Any CPU.ActiveCfg = Debug|Any CPU
		{840A8058-40E3-43CD-A89B-EED4106713F3}.Debug|Any CPU.Build.0 = Debug|Any CPU
		{840A8058-40E3-43CD-A89B-EED4106713F3}.Debug|x64.ActiveCfg = Debug|Any CPU
		{840A8058-40E3-43CD-A89B-EED4106713F3}.Debug|x64.Build.0 = Debug|Any CPU
		{840A8058-40E3-43CD-A89B-EED4106713F3}.Debug|x86.ActiveCfg = Debug|Any CPU
		{840A8058-40E3-43CD-A89B-EED4106713F3}.Debug|x86.Build.0 = Debug|Any CPU
		{840A8058-40E3-43CD-A89B-EED4106713F3}.Release|Any CPU.ActiveCfg = Release|Any CPU
		{840A8058-40E3-43CD-A89B-EED4106713F3}.Release|Any CPU.Build.0 = Release|Any CPU
		{840A8058-40E3-43CD-A89B-EED4106713F3}.Release|x64.ActiveCfg = Release|Any CPU
		{840A8058-40E3-43CD-A89B-EED4106713F3}.Release|x64.Build.0 = Release|Any CPU
		{840A8058-40E3-43CD-A89B-EED4106713F3}.Release|x86.ActiveCfg = Release|Any CPU
		{840A8058-40E3-43CD-A89B-EED4106713F3}.Release|x86.Build.0 = Release|Any CPU
		{EE572728-64A9-4234-A726-3EEFC2E65D7F}.Debug|Any CPU.ActiveCfg = Debug|Any CPU
		{EE572728-64A9-4234-A726-3EEFC2E65D7F}.Debug|Any CPU.Build.0 = Debug|Any CPU
		{EE572728-64A9-4234-A726-3EEFC2E65D7F}.Debug|x64.ActiveCfg = Debug|Any CPU
		{EE572728-64A9-4234-A726-3EEFC2E65D7F}.Debug|x64.Build.0 = Debug|Any CPU
		{EE572728-64A9-4234-A726-3EEFC2E65D7F}.Debug|x86.ActiveCfg = Debug|Any CPU
		{EE572728-64A9-4234-A726-3EEFC2E65D7F}.Debug|x86.Build.0 = Debug|Any CPU
		{EE572728-64A9-4234-A726-3EEFC2E65D7F}.Release|Any CPU.ActiveCfg = Release|Any CPU
		{EE572728-64A9-4234-A726-3EEFC2E65D7F}.Release|Any CPU.Build.0 = Release|Any CPU
		{EE572728-64A9-4234-A726-3EEFC2E65D7F}.Release|x64.ActiveCfg = Release|Any CPU
		{EE572728-64A9-4234-A726-3EEFC2E65D7F}.Release|x64.Build.0 = Release|Any CPU
		{EE572728-64A9-4234-A726-3EEFC2E65D7F}.Release|x86.ActiveCfg = Release|Any CPU
		{EE572728-64A9-4234-A726-3EEFC2E65D7F}.Release|x86.Build.0 = Release|Any CPU
		{DEFA5408-C776-43C9-AA55-F9E7180A7832}.Debug|Any CPU.ActiveCfg = Debug|Any CPU
		{DEFA5408-C776-43C9-AA55-F9E7180A7832}.Debug|Any CPU.Build.0 = Debug|Any CPU
		{DEFA5408-C776-43C9-AA55-F9E7180A7832}.Debug|x64.ActiveCfg = Debug|Any CPU
		{DEFA5408-C776-43C9-AA55-F9E7180A7832}.Debug|x64.Build.0 = Debug|Any CPU
		{DEFA5408-C776-43C9-AA55-F9E7180A7832}.Debug|x86.ActiveCfg = Debug|Any CPU
		{DEFA5408-C776-43C9-AA55-F9E7180A7832}.Debug|x86.Build.0 = Debug|Any CPU
		{DEFA5408-C776-43C9-AA55-F9E7180A7832}.Release|Any CPU.ActiveCfg = Release|Any CPU
		{DEFA5408-C776-43C9-AA55-F9E7180A7832}.Release|Any CPU.Build.0 = Release|Any CPU
		{DEFA5408-C776-43C9-AA55-F9E7180A7832}.Release|x64.ActiveCfg = Release|Any CPU
		{DEFA5408-C776-43C9-AA55-F9E7180A7832}.Release|x64.Build.0 = Release|Any CPU
		{DEFA5408-C776-43C9-AA55-F9E7180A7832}.Release|x86.ActiveCfg = Release|Any CPU
		{DEFA5408-C776-43C9-AA55-F9E7180A7832}.Release|x86.Build.0 = Release|Any CPU
		{90B83B07-E704-4128-86E3-7F2203E57CC9}.Debug|Any CPU.ActiveCfg = Debug|Any CPU
		{90B83B07-E704-4128-86E3-7F2203E57CC9}.Debug|Any CPU.Build.0 = Debug|Any CPU
		{90B83B07-E704-4128-86E3-7F2203E57CC9}.Debug|x64.ActiveCfg = Debug|Any CPU
		{90B83B07-E704-4128-86E3-7F2203E57CC9}.Debug|x64.Build.0 = Debug|Any CPU
		{90B83B07-E704-4128-86E3-7F2203E57CC9}.Debug|x86.ActiveCfg = Debug|Any CPU
		{90B83B07-E704-4128-86E3-7F2203E57CC9}.Debug|x86.Build.0 = Debug|Any CPU
		{90B83B07-E704-4128-86E3-7F2203E57CC9}.Release|Any CPU.ActiveCfg = Release|Any CPU
		{90B83B07-E704-4128-86E3-7F2203E57CC9}.Release|Any CPU.Build.0 = Release|Any CPU
		{90B83B07-E704-4128-86E3-7F2203E57CC9}.Release|x64.ActiveCfg = Release|Any CPU
		{90B83B07-E704-4128-86E3-7F2203E57CC9}.Release|x64.Build.0 = Release|Any CPU
		{90B83B07-E704-4128-86E3-7F2203E57CC9}.Release|x86.ActiveCfg = Release|Any CPU
		{90B83B07-E704-4128-86E3-7F2203E57CC9}.Release|x86.Build.0 = Release|Any CPU
		{BDAECE7E-D450-44D8-84CB-B761EFB8D83D}.Debug|Any CPU.ActiveCfg = Debug|Any CPU
		{BDAECE7E-D450-44D8-84CB-B761EFB8D83D}.Debug|Any CPU.Build.0 = Debug|Any CPU
		{BDAECE7E-D450-44D8-84CB-B761EFB8D83D}.Debug|x64.ActiveCfg = Debug|Any CPU
		{BDAECE7E-D450-44D8-84CB-B761EFB8D83D}.Debug|x64.Build.0 = Debug|Any CPU
		{BDAECE7E-D450-44D8-84CB-B761EFB8D83D}.Debug|x86.ActiveCfg = Debug|Any CPU
		{BDAECE7E-D450-44D8-84CB-B761EFB8D83D}.Debug|x86.Build.0 = Debug|Any CPU
		{BDAECE7E-D450-44D8-84CB-B761EFB8D83D}.Release|Any CPU.ActiveCfg = Release|Any CPU
		{BDAECE7E-D450-44D8-84CB-B761EFB8D83D}.Release|Any CPU.Build.0 = Release|Any CPU
		{BDAECE7E-D450-44D8-84CB-B761EFB8D83D}.Release|x64.ActiveCfg = Release|Any CPU
		{BDAECE7E-D450-44D8-84CB-B761EFB8D83D}.Release|x64.Build.0 = Release|Any CPU
		{BDAECE7E-D450-44D8-84CB-B761EFB8D83D}.Release|x86.ActiveCfg = Release|Any CPU
		{BDAECE7E-D450-44D8-84CB-B761EFB8D83D}.Release|x86.Build.0 = Release|Any CPU
	EndGlobalSection
	GlobalSection(SolutionProperties) = preSolution
		HideSolutionNode = FALSE
	EndGlobalSection
	GlobalSection(ExtensibilityGlobals) = postSolution
		SolutionGuid = {B6EE33ED-8190-438C-808D-9997FCF0B4C3}
	EndGlobalSection
EndGlobal
